{
    "name": "@falfiya/dts-tree-sitter-beancount",
    "version": "0.1.0",
    "lockfileVersion": 3,
    "requires": true,
    "packages": {
        "": {
            "name": "@falfiya/dts-tree-sitter-beancount",
            "version": "0.1.0",
            "dependencies": {
                "tree-sitter": "^0.25.0"
            },
            "devDependencies": {
                "@types/node": "^16.0.0",
                "tree-sitter-beancount": "^2.4.1"
            }
        },
        "node_modules/@types/node": {
            "version": "16.18.126",
            "resolved": "https://registry.npmjs.org/@types/node/-/node-16.18.126.tgz",
            "integrity": "sha512-OTcgaiwfGFBKacvfwuHzzn1KLxH/er8mluiy8/uM3sGXHaRe73RrSIj01jow9t4kJEW633Ov+cOexXeiApTyAw==",
            "dev": true,
            "license": "MIT"
        },
        "node_modules/node-addon-api": {
            "version": "8.3.1",
            "resolved": "https://registry.npmjs.org/node-addon-api/-/node-addon-api-8.3.1.tgz",
            "integrity": "sha512-lytcDEdxKjGJPTLEfW4mYMigRezMlyJY8W4wxJK8zE533Jlb8L8dRuObJFWg2P+AuOIxoCgKF+2Oq4d4Zd0OUA==",
            "license": "MIT",
            "engines": {
                "node": "^18 || ^20 || >= 21"
            }
        },
        "node_modules/node-gyp-build": {
            "version": "4.8.4",
            "resolved": "https://registry.npmjs.org/node-gyp-build/-/node-gyp-build-4.8.4.tgz",
            "integrity": "sha512-LA4ZjwlnUblHVgq0oBF3Jl/6h/Nvs5fzBLwdEF4nuxnFdsfajde4WfxtJr3CaiH+F6ewcIB/q4jQ4UzPyid+CQ==",
            "license": "MIT",
            "bin": {
                "node-gyp-build": "bin.js",
                "node-gyp-build-optional": "optional.js",
                "node-gyp-build-test": "build-test.js"
            }
        },
        "node_modules/tree-sitter": {
            "version": "0.25.0",
            "resolved": "https://registry.npmjs.org/tree-sitter/-/tree-sitter-0.25.0.tgz",
            "integrity": "sha512-PGZZzFW63eElZJDe/b/R/LbsjDDYJa5UEjLZJB59RQsMX+fo0j54fqBPn1MGKav/QNa0JR0zBiVaikYDWCj5KQ==",
            "hasInstallScript": true,
            "license": "MIT",
            "dependencies": {
                "node-addon-api": "^8.3.0",
                "node-gyp-build": "^4.8.4"
            }
        },
        "node_modules/tree-sitter-beancount": {
            "version": "2.4.1",
            "resolved": "https://registry.npmjs.org/tree-sitter-beancount/-/tree-sitter-beancount-2.4.1.tgz",
            "integrity": "sha512-UXkY09BOiv8EkSaFO+j9ES9nEAEiajeH94Vd/onmdypPpeqMx8RJ/Qj7/jr58E7z67F6t9LZOnUP56MuJ88wkQ==",
            "dev": true,
            "hasInstallScript": true,
            "license": "MIT",
            "dependencies": {
                "node-addon-api": "^7.1.0",
                "node-gyp-build": "^4.8.0"
            },
            "engines": {
                "node": ">=22.0.0"
            },
            "peerDependencies": {
                "tree-sitter": "^0.25.0"
            },
            "peerDependenciesMeta": {
                "tree_sitter": {
                    "optional": true
                }
            }
        },
        "node_modules/tree-sitter-beancount/node_modules/node-addon-api": {
            "version": "7.1.1",
            "resolved": "https://registry.npmjs.org/node-addon-api/-/node-addon-api-7.1.1.tgz",
            "integrity": "sha512-5m3bsyrjFWE1xf7nz7YXdN4udnVtXK6/Yfgn5qnahL6bCkf2yKt4k3nuTKAtT4r3IG8JNR2ncsIMdZuAzJjHQQ==",
            "dev": true,
            "license": "MIT"
        },
        "node_modules/typescript": {
            "version": "5.8.2",
            "resolved": "https://registry.npmjs.org/typescript/-/typescript-5.8.2.tgz",
            "integrity": "sha512-aJn6wq13/afZp/jT9QZmwEjDqqvSGp1VT5GVg+f/t6/oVyrgXM6BY1h9BRh/O5p3PlUPAe+WuiEZOmb/49RqoQ==",
            "dev": true,
            "license": "Apache-2.0",
            "bin": {
                "tsc": "bin/tsc",
                "tsserver": "bin/tsserver"
            },
            "engines": {
                "node": ">=14.17"
            }
        }
    }
}
